
Microsoft Visual Studio Solution File, Format Version 12.00
# Visual Studio 15
VisualStudioVersion = 15.0.28010.2026
MinimumVisualStudioVersion = 10.0.40219.1
Project("{FAE04EC0-301F-11D3-BF4B-00C04F79EFBC}") = "MainWebApp", "MainWebApp\MainWebApp.csproj", "{3AC30CDC-E66C-4CC1-B20A-0E6D41D083C2}"
EndProject
Project("{FAE04EC0-301F-11D3-BF4B-00C04F79EFBC}") = "ThirdPartyApp", "ThirdPartyApp\ThirdPartyApp.csproj", "{F44DF88E-DA43-4A63-B29B-3BF4065547A1}"
EndProject
Global
	GlobalSection(SolutionConfigurationPlatforms) = preSolution
		Debug|Any CPU = Debug|Any CPU
		Release|Any CPU = Release|Any CPU
	EndGlobalSection
	GlobalSection(ProjectConfigurationPlatforms) = postSolution
		{3AC30CDC-E66C-4CC1-B20A-0E6D41D083C2}.Debug|Any CPU.ActiveCfg = Debug|Any CPU
		{3AC30CDC-E66C-4CC1-B20A-0E6D41D083C2}.Debug|Any CPU.Build.0 = Debug|Any CPU
		{3AC30CDC-E66C-4CC1-B20A-0E6D41D083C2}.Release|Any CPU.ActiveCfg = Release|Any CPU
		{3AC30CDC-E66C-4CC1-B20A-0E6D41D083C2}.Release|Any CPU.Build.0 = Release|Any CPU
		{F44DF88E-DA43-4A63-B29B-3BF4065547A1}.Debug|Any CPU.ActiveCfg = Debug|Any CPU
		{F44DF88E-DA43-4A63-B29B-3BF4065547A1}.Debug|Any CPU.Build.0 = Debug|Any CPU
		{F44DF88E-DA43-4A63-B29B-3BF4065547A1}.Release|Any CPU.ActiveCfg = Release|Any CPU
		{F44DF88E-DA43-4A63-B29B-3BF4065547A1}.Release|Any CPU.Build.0 = Release|Any CPU
	EndGlobalSection
	GlobalSection(SolutionProperties) = preSolution
		HideSolutionNode = FALSE
	EndGlobalSection
	GlobalSection(ExtensibilityGlobals) = postSolution
		SolutionGuid = {2E7F5561-7E26-4329-AB43-482889122DFC}
	EndGlobalSection
EndGlobal
